
Microsoft Visual Studio Solution File, Format Version 12.00
# Visual Studio Version 17
VisualStudioVersion = 17.2.32630.192
MinimumVisualStudioVersion = 10.0.40219.1
Project("{8BC9CEB8-8B4A-11D0-8D11-00A0C91BC942}") = "ConsoleFPS", "ConsoleFPS\ConsoleFPS.vcxproj", "{B640BE20-EAA1-4921-B39C-D43D10B0DFFB}"
EndProject
Global
	GlobalSection(SolutionConfigurationPlatforms) = preSolution
		Debug|x64 = Debug|x64
		Debug|x86 = Debug|x86
		Release|x64 = Release|x64
		Release|x86 = Release|x86
	EndGlobalSection
	GlobalSection(ProjectConfigurationPlatforms) = postSolution
		{B640BE20-EAA1-4921-B39C-D43D10B0DFFB}.Debug|x64.ActiveCfg = Debug|x64
		{B640BE20-EAA1-4921-B39C-D43D10B0DFFB}.Debug|x64.Build.0 = Debug|x64
		{B640BE20-EAA1-4921-B39C-D43D10B0DFFB}.Debug|x86.ActiveCfg = Debug|Win32
		{B640BE20-EAA1-4921-B39C-D43D10B0DFFB}.Debug|x86.Build.0 = Debug|Win32
		{B640BE20-EAA1-4921-B39C-D43D10B0DFFB}.Release|x64.ActiveCfg = Release|x64
		{B640BE20-EAA1-4921-B39C-D43D10B0DFFB}.Release|x64.Build.0 = Release|x64
		{B640BE20-EAA1-4921-B39C-D43D10B0DFFB}.Release|x86.ActiveCfg = Release|Win32
		{B640BE20-EAA1-4921-B39C-D43D10B0DFFB}.Release|x86.Build.0 = Release|Win32
	EndGlobalSection
	GlobalSection(SolutionProperties) = preSolution
		HideSolutionNode = FALSE
	EndGlobalSection
	GlobalSection(ExtensibilityGlobals) = postSolution
		SolutionGuid = {B9B373B5-8F54-41B0-83A5-758C9C7736C0}
	EndGlobalSection
EndGlobal
